
Microsoft Visual Studio Solution File, Format Version 12.00
# Visual Studio 14
VisualStudioVersion = 14.0.23107.0
MinimumVisualStudioVersion = 10.0.40219.1
Project("{D954291E-2A0B-460D-934E-DC6B0785DB48}") = "KevinHelper", "KevinHelper.shproj", "{BA199E36-6C69-4A14-A786-D27268D83FEB}"
EndProject
Global
	GlobalSection(SharedMSBuildProjectFiles) = preSolution
		KevinHelper.projitems*{ba199e36-6c69-4a14-a786-d27268d83feb}*SharedItemsImports = 13
	EndGlobalSection
	GlobalSection(SolutionProperties) = preSolution
		HideSolutionNode = FALSE
	EndGlobalSection
EndGlobal
